<?xml version="1.0" encoding="utf-8"?>
<Project ToolsVersion="4.0" xmlns="http://schemas.microsoft.com/developer/msbuild/2003">
  <ItemGroup>
    <ClCompile Include="Dependencies\glad\src\glad.c">
      <Filter>Dependencies</Filter>
    </ClCompile>
    <ClCompile Include="src\camera3D.cpp">
      <Filter>src\project</Filter>
    </ClCompile>
    <ClCompile Include="src\drawing.cpp">
      <Filter>src\project</Filter>
    </ClCompile>
    <ClCompile Include="src\exceptionHandling.cpp">
      <Filter>src\project</Filter>
    </ClCompile>
    <ClCompile Include="src\image.cpp">
      <Filter>src\project</Filter>
    </ClCompile>
    <ClCompile Include="src\material.cpp">
      <Filter>src\project</Filter>
    </ClCompile>
    <ClCompile Include="src\mesh3D.cpp">
      <Filter>src\project</Filter>
    </ClCompile>
    <ClCompile Include="src\modelLoading.cpp">
      <Filter>src\project</Filter>
    </ClCompile>
    <ClCompile Include="src\program.cpp">
      <Filter>src\project</Filter>
    </ClCompile>
    <ClCompile Include="src\shaderHandling.cpp">
      <Filter>src\project</Filter>
    </ClCompile>
    <ClCompile Include="src\sound.cpp">
      <Filter>src\project</Filter>
    </ClCompile>
    <ClCompile Include="src\texture.cpp">
      <Filter>src\project</Filter>
    </ClCompile>
    <ClCompile Include="src\uniqueType.cpp">
      <Filter>src\project</Filter>
    </ClCompile>
    <ClCompile Include="src\vector.cpp">
      <Filter>src\project</Filter>
    </ClCompile>
    <ClCompile Include="src\visual3D.cpp">
      <Filter>src\project</Filter>
    </ClCompile>
    <ClCompile Include="src\mesh2D.cpp">
      <Filter>src\project</Filter>
    </ClCompile>
    <ClCompile Include="src\visual2D.cpp">
      <Filter>src\project</Filter>
    </ClCompile>
    <ClCompile Include="src\main.cpp" />
    <ClCompile Include="src\camera2D.cpp">
      <Filter>src\project</Filter>
    </ClCompile>
  </ItemGroup>
  <ItemGroup>
    <Filter Include="Dependencies">
      <UniqueIdentifier>{3e44ffab-84d3-4828-96b1-76a8750de518}</UniqueIdentifier>
    </Filter>
    <Filter Include="src">
      <UniqueIdentifier>{b7925a69-6b65-4300-9bd4-d9183f91cb49}</UniqueIdentifier>
    </Filter>
    <Filter Include="include">
      <UniqueIdentifier>{13339082-2c7c-4b47-9cc8-bf086348e6d9}</UniqueIdentifier>
    </Filter>
    <Filter Include="shaders">
      <UniqueIdentifier>{ad74c3d2-db2f-45d2-b603-d9c94acd5b5f}</UniqueIdentifier>
    </Filter>
    <Filter Include="src\project">
      <UniqueIdentifier>{4dbd6c07-3eac-4002-bec0-dfb1c28e41e1}</UniqueIdentifier>
    </Filter>
    <Filter Include="src\include">
      <UniqueIdentifier>{cbc08a33-3c66-4767-b983-74c9e183c76f}</UniqueIdentifier>
    </Filter>
    <Filter Include="shaders\vertex">
      <UniqueIdentifier>{7a097d16-d1d5-4bc6-8973-1f5f29c3f5f3}</UniqueIdentifier>
    </Filter>
    <Filter Include="shaders\fragment">
      <UniqueIdentifier>{75379a3e-277b-4d59-96d2-f9ff77cb29c4}</UniqueIdentifier>
    </Filter>
    <Filter Include="shaders\functional">
      <UniqueIdentifier>{9eccff39-9829-46ce-9a05-6fa1802bbcc0}</UniqueIdentifier>
    </Filter>
  </ItemGroup>
  <ItemGroup>
    <ClInclude Include="src\camera3D.h">
      <Filter>src\include</Filter>
    </ClInclude>
    <ClInclude Include="src\constants.h">
      <Filter>src\include</Filter>
    </ClInclude>
    <ClInclude Include="src\exceptionHandling.h">
      <Filter>src\include</Filter>
    </ClInclude>
    <ClInclude Include="src\globals.h">
      <Filter>src\include</Filter>
    </ClInclude>
    <ClInclude Include="src\image.h">
      <Filter>src\include</Filter>
    </ClInclude>
    <ClInclude Include="src\material.h">
      <Filter>src\include</Filter>
    </ClInclude>
    <ClInclude Include="src\mesh3D.h">
      <Filter>src\include</Filter>
    </ClInclude>
    <ClInclude Include="src\modelLoading.h">
      <Filter>src\include</Filter>
    </ClInclude>
    <ClInclude Include="src\openglBasics.h">
      <Filter>src\include</Filter>
    </ClInclude>
    <ClInclude Include="src\program.h">
      <Filter>src\include</Filter>
    </ClInclude>
    <ClInclude Include="src\shaderHandling.h">
      <Filter>src\include</Filter>
    </ClInclude>
    <ClInclude Include="src\sound.h">
      <Filter>src\include</Filter>
    </ClInclude>
    <ClInclude Include="src\staticList.h">
      <Filter>src\include</Filter>
    </ClInclude>
    <ClInclude Include="src\texture.h">
      <Filter>src\include</Filter>
    </ClInclude>
    <ClInclude Include="src\transform3D.h">
      <Filter>src\include</Filter>
    </ClInclude>
    <ClInclude Include="src\uniqueType.h">
      <Filter>src\include</Filter>
    </ClInclude>
    <ClInclude Include="src\vector.h">
      <Filter>src\include</Filter>
    </ClInclude>
    <ClInclude Include="src\vertex3D.h">
      <Filter>src\include</Filter>
    </ClInclude>
    <ClInclude Include="src\visual3D.h">
      <Filter>src\include</Filter>
    </ClInclude>
    <ClInclude Include="src\mesh2D.h">
      <Filter>src\include</Filter>
    </ClInclude>
    <ClInclude Include="src\transform2D.h">
      <Filter>src\include</Filter>
    </ClInclude>
    <ClInclude Include="src\visual2D.h">
      <Filter>src\include</Filter>
    </ClInclude>
    <ClInclude Include="src\cameraViewer.h">
      <Filter>src\include</Filter>
    </ClInclude>
    <ClInclude Include="src\camera2D.h">
      <Filter>src\include</Filter>
    </ClInclude>
    <ClInclude Include="src\vertex2D.h">
      <Filter>src\include</Filter>
    </ClInclude>
  </ItemGroup>
  <ItemGroup>
    <None Include="lines.bat" />
    <None Include="shaders\basic3DShader.vert">
      <Filter>shaders\vertex</Filter>
    </None>
    <None Include="shaders\viewportShader.vert">
      <Filter>shaders\vertex</Filter>
    </None>
    <None Include="shaders\basicShader.frag">
      <Filter>shaders\fragment</Filter>
    </None>
    <None Include="shaders\textureShader.frag">
      <Filter>shaders\fragment</Filter>
    </None>
    <None Include="shaders\common.glsl">
      <Filter>shaders\functional</Filter>
    </None>
    <None Include="shaders\basic2DShader.vert">
      <Filter>shaders\vertex</Filter>
    </None>
  </ItemGroup>
</Project>